
Microsoft Visual Studio Solution File, Format Version 12.00
# Visual Studio Version 17
VisualStudioVersion = 17.14.36429.23 d17.14
MinimumVisualStudioVersion = 10.0.40219.1
Project("{FAE04EC0-301F-11D3-BF4B-00C04F79EFBC}") = "STUDYBUDDY", "STUDYBUDDY.csproj", "{69069DC4-E541-4806-A74A-A0EC9CF5B86E}"
EndProject
Global
	GlobalSection(SolutionConfigurationPlatforms) = preSolution
		Debug|Any CPU = Debug|Any CPU
		Release|Any CPU = Release|Any CPU
	EndGlobalSection
	GlobalSection(ProjectConfigurationPlatforms) = postSolution
		{69069DC4-E541-4806-A74A-A0EC9CF5B86E}.Debug|Any CPU.ActiveCfg = Debug|Any CPU
		{69069DC4-E541-4806-A74A-A0EC9CF5B86E}.Debug|Any CPU.Build.0 = Debug|Any CPU
		{69069DC4-E541-4806-A74A-A0EC9CF5B86E}.Release|Any CPU.ActiveCfg = Release|Any CPU
		{69069DC4-E541-4806-A74A-A0EC9CF5B86E}.Release|Any CPU.Build.0 = Release|Any CPU
	EndGlobalSection
	GlobalSection(SolutionProperties) = preSolution
		HideSolutionNode = FALSE
	EndGlobalSection
	GlobalSection(ExtensibilityGlobals) = postSolution
		SolutionGuid = {CA5F40B5-CF77-4A20-9A7D-4185386F2B9E}
	EndGlobalSection
EndGlobal
